
Microsoft Visual Studio Solution File, Format Version 12.00
# Visual Studio Version 16
VisualStudioVersion = 16.0.31005.135
MinimumVisualStudioVersion = 10.0.40219.1
Project("{FAE04EC0-301F-11D3-BF4B-00C04F79EFBC}") = "CINELAN", "CINELAN\CINELAN.csproj", "{8B6A467D-E637-46F1-82A8-A70EBDA1F4F6}"
EndProject
Project("{2150E333-8FDC-42A3-9474-1A3956D46DE8}") = "Solution Items", "Solution Items", "{349912FB-6B64-4B11-8152-8FFE2E886991}"
	ProjectSection(SolutionItems) = preProject
		.editorconfig = .editorconfig
	EndProjectSection
EndProject
Global
	GlobalSection(SolutionConfigurationPlatforms) = preSolution
		Debug|Any CPU = Debug|Any CPU
		Release|Any CPU = Release|Any CPU
	EndGlobalSection
	GlobalSection(ProjectConfigurationPlatforms) = postSolution
		{8B6A467D-E637-46F1-82A8-A70EBDA1F4F6}.Debug|Any CPU.ActiveCfg = Debug|Any CPU
		{8B6A467D-E637-46F1-82A8-A70EBDA1F4F6}.Debug|Any CPU.Build.0 = Debug|Any CPU
		{8B6A467D-E637-46F1-82A8-A70EBDA1F4F6}.Release|Any CPU.ActiveCfg = Release|Any CPU
		{8B6A467D-E637-46F1-82A8-A70EBDA1F4F6}.Release|Any CPU.Build.0 = Release|Any CPU
	EndGlobalSection
	GlobalSection(SolutionProperties) = preSolution
		HideSolutionNode = FALSE
	EndGlobalSection
	GlobalSection(ExtensibilityGlobals) = postSolution
		SolutionGuid = {F2EB169F-2AD7-4B45-B3E5-0CFBBB73B6F8}
	EndGlobalSection
EndGlobal
